{
    "name": "facturador-js",
    "version": "1.0.0",
    "lockfileVersion": 1,
    "requires": true,
    "dependencies": {
        "charenc": {
            "version": "0.0.2",
            "resolved": "https://registry.npmjs.org/charenc/-/charenc-0.0.2.tgz",
            "integrity": "sha1-wKHS86cJLgN3S/qD8UwPxXkKhmc="
        },
        "core-util-is": {
            "version": "1.0.2",
            "resolved": "https://registry.npmjs.org/core-util-is/-/core-util-is-1.0.2.tgz",
            "integrity": "sha1-tf1UIgqivFq1eqtxQMlAdUUDwac="
        },
        "crypt": {
            "version": "0.0.2",
            "resolved": "https://registry.npmjs.org/crypt/-/crypt-0.0.2.tgz",
            "integrity": "sha1-iNf/fsDfuG9xPch7u0LQRNPmxBs="
        },
        "es6-promisify": {
            "version": "6.0.1",
            "resolved": "https://registry.npmjs.org/es6-promisify/-/es6-promisify-6.0.1.tgz",
            "integrity": "sha512-J3ZkwbEnnO+fGAKrjVpeUAnZshAdfZvbhQpqfIH9kSAspReRC4nJnu8ewm55b4y9ElyeuhCTzJD0XiH8Tsbhlw=="
        },
        "immediate": {
            "version": "3.0.6",
            "resolved": "https://registry.npmjs.org/immediate/-/immediate-3.0.6.tgz",
            "integrity": "sha1-nbHb0Pr43m++D13V5Wu2BigN5ps="
        },
        "inherits": {
            "version": "2.0.3",
            "resolved": "https://registry.npmjs.org/inherits/-/inherits-2.0.3.tgz",
            "integrity": "sha1-Yzwsg+PaQqUC9SRmAiSA9CCCYd4="
        },
        "is-buffer": {
            "version": "1.1.6",
            "resolved": "https://registry.npmjs.org/is-buffer/-/is-buffer-1.1.6.tgz",
            "integrity": "sha512-NcdALwpXkTm5Zvvbk7owOUSvVvBKDgKP5/ewfXEznmQFfs4ZRmanOeKBTjRVjka3QFoN6XJ+9F3USqfHqTaU5w=="
        },
        "isarray": {
            "version": "1.0.0",
            "resolved": "https://registry.npmjs.org/isarray/-/isarray-1.0.0.tgz",
            "integrity": "sha1-u5NdSFgsuhaMBoNJV6VKPgcSTxE="
        },
        "isexe": {
            "version": "2.0.0",
            "resolved": "https://registry.npmjs.org/isexe/-/isexe-2.0.0.tgz",
            "integrity": "sha1-6PvzdNxVb/iUehDcsFctYz8s+hA="
        },
        "isomorphic-unfetch": {
            "version": "3.0.0",
            "resolved": "https://registry.npmjs.org/isomorphic-unfetch/-/isomorphic-unfetch-3.0.0.tgz",
            "integrity": "sha512-V0tmJSYfkKokZ5mgl0cmfQMTb7MLHsBMngTkbLY0eXvKqiVRRoZP04Ly+KhKrJfKtzC9E6Pp15Jo+bwh7Vi2XQ==",
            "requires": {
                "node-fetch": "^2.2.0",
                "unfetch": "^4.0.0"
            }
        },
        "jszip": {
            "version": "3.2.1",
            "resolved": "https://registry.npmjs.org/jszip/-/jszip-3.2.1.tgz",
            "integrity": "sha512-iCMBbo4eE5rb1VCpm5qXOAaUiRKRUKiItn8ah2YQQx9qymmSAY98eyQfioChEYcVQLh0zxJ3wS4A0mh90AVPvw==",
            "requires": {
                "lie": "~3.3.0",
                "pako": "~1.0.2",
                "readable-stream": "~2.3.6",
                "set-immediate-shim": "~1.0.1"
            }
        },
        "lie": {
            "version": "3.3.0",
            "resolved": "https://registry.npmjs.org/lie/-/lie-3.3.0.tgz",
            "integrity": "sha512-UaiMJzeWRlEujzAuw5LokY1L5ecNQYZKfmyZ9L7wDHb/p5etKaxXhohBcrw0EYby+G/NA52vRSN4N39dxHAIwQ==",
            "requires": {
                "immediate": "~3.0.5"
            }
        },
        "md5": {
            "version": "2.2.1",
            "resolved": "https://registry.npmjs.org/md5/-/md5-2.2.1.tgz",
            "integrity": "sha1-U6s41f48iJG6RlMp6iP6wFQBJvk=",
            "requires": {
                "charenc": "~0.0.1",
                "crypt": "~0.0.1",
                "is-buffer": "~1.1.1"
            }
        },
        "node-fetch": {
            "version": "2.3.0",
            "resolved": "https://registry.npmjs.org/node-fetch/-/node-fetch-2.3.0.tgz",
            "integrity": "sha512-MOd8pV3fxENbryESLgVIeaGKrdl+uaYhCSSVkjeOb/31/njTpcis5aWfdqgNlHIrKOLRbMnfPINPOML2CIFeXA=="
        },
        "os-tmpdir": {
            "version": "1.0.2",
            "resolved": "https://registry.npmjs.org/os-tmpdir/-/os-tmpdir-1.0.2.tgz",
            "integrity": "sha1-u+Z0BseaqFxc/sdm/lc0VV36EnQ="
        },
        "pako": {
            "version": "1.0.10",
            "resolved": "https://registry.npmjs.org/pako/-/pako-1.0.10.tgz",
            "integrity": "sha512-0DTvPVU3ed8+HNXOu5Bs+o//Mbdj9VNQMUOe9oKCwh8l0GNwpTDMKCWbRjgtD291AWnkAgkqA/LOnQS8AmS1tw=="
        },
        "pem": {
            "version": "1.14.2",
            "resolved": "https://registry.npmjs.org/pem/-/pem-1.14.2.tgz",
            "integrity": "sha512-TOnPtq3ZFnCniOZ+rka4pk8UIze9xG1qI+wNE7EmkiR/cg+53uVvk5QbkWZ7M6RsuOxzz62FW1hlAobJr/lTOA==",
            "requires": {
                "es6-promisify": "^6.0.0",
                "md5": "^2.2.1",
                "os-tmpdir": "^1.0.1",
                "which": "^1.3.1"
            }
        },
        "process-nextick-args": {
            "version": "2.0.0",
            "resolved": "https://registry.npmjs.org/process-nextick-args/-/process-nextick-args-2.0.0.tgz",
            "integrity": "sha512-MtEC1TqN0EU5nephaJ4rAtThHtC86dNN9qCuEhtshvpVBkAW5ZO7BASN9REnF9eoXGcRub+pFuKEpOHE+HbEMw=="
        },
        "readable-stream": {
            "version": "2.3.6",
            "resolved": "https://registry.npmjs.org/readable-stream/-/readable-stream-2.3.6.tgz",
            "integrity": "sha512-tQtKA9WIAhBF3+VLAseyMqZeBjW0AHJoxOtYqSUZNJxauErmLbVm2FW1y+J/YA9dUrAC39ITejlZWhVIwawkKw==",
            "requires": {
                "core-util-is": "~1.0.0",
                "inherits": "~2.0.3",
                "isarray": "~1.0.0",
                "process-nextick-args": "~2.0.0",
                "safe-buffer": "~5.1.1",
                "string_decoder": "~1.1.1",
                "util-deprecate": "~1.0.1"
            }
        },
        "safe-buffer": {
            "version": "5.1.2",
            "resolved": "https://registry.npmjs.org/safe-buffer/-/safe-buffer-5.1.2.tgz",
            "integrity": "sha512-Gd2UZBJDkXlY7GbJxfsE8/nvKkUEU1G38c1siN6QP6a9PT9MmHB8GnpscSmMJSoF8LOIrt8ud/wPtojys4G6+g=="
        },
        "set-immediate-shim": {
            "version": "1.0.1",
            "resolved": "https://registry.npmjs.org/set-immediate-shim/-/set-immediate-shim-1.0.1.tgz",
            "integrity": "sha1-SysbJ+uAip+NzEgaWOXlb1mfP2E="
        },
        "string_decoder": {
            "version": "1.1.1",
            "resolved": "https://registry.npmjs.org/string_decoder/-/string_decoder-1.1.1.tgz",
            "integrity": "sha512-n/ShnvDi6FHbbVfviro+WojiFzv+s8MPMHBczVePfUpDJLwoLT0ht1l4YwBCbi8pJAveEEdnkHyPyTP/mzRfwg==",
            "requires": {
                "safe-buffer": "~5.1.0"
            }
        },
        "unfetch": {
            "version": "4.1.0",
            "resolved": "https://registry.npmjs.org/unfetch/-/unfetch-4.1.0.tgz",
            "integrity": "sha512-crP/n3eAPUJxZXM9T80/yv0YhkTEx2K1D3h7D1AJM6fzsWZrxdyRuLN0JH/dkZh1LNH8LxCnBzoPFCPbb2iGpg=="
        },
        "util-deprecate": {
            "version": "1.0.2",
            "resolved": "https://registry.npmjs.org/util-deprecate/-/util-deprecate-1.0.2.tgz",
            "integrity": "sha1-RQ1Nyfpw3nMnYvvS1KKJgUGaDM8="
        },
        "which": {
            "version": "1.3.1",
            "resolved": "https://registry.npmjs.org/which/-/which-1.3.1.tgz",
            "integrity": "sha512-HxJdYWq1MTIQbJ3nw0cqssHoTNU267KlrDuGZ1WYlxDStUtKUhOaJmh112/TZmHxxUfuJqPXSOm7tDyas0OSIQ==",
            "requires": {
                "isexe": "^2.0.0"
            }
        },
        "xml-crypto": {
            "version": "1.3.0",
            "resolved": "https://registry.npmjs.org/xml-crypto/-/xml-crypto-1.3.0.tgz",
            "integrity": "sha512-Kx/owhke7oy89NAB8HTkaENc1BaCixQDHD6Wg61VTIOdjBlIRLNs2Ts76MhJz78EPyOMoqUoY4ytShCqbv1XBA==",
            "requires": {
                "xmldom": "0.1.27",
                "xpath": "0.0.27"
            }
        },
        "xmldom": {
            "version": "0.1.27",
            "resolved": "https://registry.npmjs.org/xmldom/-/xmldom-0.1.27.tgz",
            "integrity": "sha1-1QH5ezvbQDr4757MIFcxh6rawOk="
        },
        "xmldom-fork-fixed": {
            "version": "0.0.1",
            "resolved": "https://registry.npmjs.org/xmldom-fork-fixed/-/xmldom-fork-fixed-0.0.1.tgz",
            "integrity": "sha1-sM26FXpXnRtutHHJYVvI5RLFoos="
        },
        "xpath": {
            "version": "0.0.27",
            "resolved": "https://registry.npmjs.org/xpath/-/xpath-0.0.27.tgz",
            "integrity": "sha512-fg03WRxtkCV6ohClePNAECYsmpKKTv5L8y/X3Dn1hQrec3POx2jHZ/0P2qQ6HvsrU1BmeqXcof3NGGueG6LxwQ=="
        }
    }
}
